// !$*UTF8*$!
{
	archiveVersion = 1;
	classes = {
	};
	objectVersion = 46;
	objects = {

/* Begin PBXBuildFile section */
		2588DDCF1B536C0300DD1CDE /* AppDelegate.swift in Sources */ = {isa = PBXBuildFile; fileRef = 2588DDCE1B536C0300DD1CDE /* AppDelegate.swift */; };
		2588DDD11B536C0300DD1CDE /* ViewController.swift in Sources */ = {isa = PBXBuildFile; fileRef = 2588DDD01B536C0300DD1CDE /* ViewController.swift */; };
		2588DDD41B536C0300DD1CDE /* Main.storyboard in Resources */ = {isa = PBXBuildFile; fileRef = 2588DDD21B536C0300DD1CDE /* Main.storyboard */; };
		2588DDD61B536C0300DD1CDE /* Images.xcassets in Resources */ = {isa = PBXBuildFile; fileRef = 2588DDD51B536C0300DD1CDE /* Images.xcassets */; };
		2588DDD91B536C0300DD1CDE /* LaunchScreen.xib in Resources */ = {isa = PBXBuildFile; fileRef = 2588DDD71B536C0300DD1CDE /* LaunchScreen.xib */; };
		2588DDE51B536C0400DD1CDE /* ProfileVCTests.swift in Sources */ = {isa = PBXBuildFile; fileRef = 2588DDE41B536C0400DD1CDE /* ProfileVCTests.swift */; };
		2588DDEF1B53817900DD1CDE /* View.xib in Resources */ = {isa = PBXBuildFile; fileRef = 2588DDEE1B53817900DD1CDE /* View.xib */; };
		2588DDF11B5381E400DD1CDE /* MyView.swift in Sources */ = {isa = PBXBuildFile; fileRef = 2588DDF01B5381E400DD1CDE /* MyView.swift */; };
		2588DDF31B53833800DD1CDE /* IBM_Bluemix_logo.svg.png in Resources */ = {isa = PBXBuildFile; fileRef = 2588DDF21B53833800DD1CDE /* IBM_Bluemix_logo.svg.png */; };
/* End PBXBuildFile section */

/* Begin PBXContainerItemProxy section */
		2588DDDF1B536C0400DD1CDE /* PBXContainerItemProxy */ = {
			isa = PBXContainerItemProxy;
			containerPortal = 2588DDC11B536C0300DD1CDE /* Project object */;
			proxyType = 1;
			remoteGlobalIDString = 2588DDC81B536C0300DD1CDE;
			remoteInfo = ProfileVC;
		};
/* End PBXContainerItemProxy section */

/* Begin PBXFileReference section */
		2588DDC91B536C0300DD1CDE /* ProfileVC.app */ = {isa = PBXFileReference; explicitFileType = wrapper.application; includeInIndex = 0; path = ProfileVC.app; sourceTree = BUILT_PRODUCTS_DIR; };
		2588DDCD1B536C0300DD1CDE /* Info.plist */ = {isa = PBXFileReference; lastKnownFileType = text.plist.xml; path = Info.plist; sourceTree = "<group>"; };
		2588DDCE1B536C0300DD1CDE /* AppDelegate.swift */ = {isa = PBXFileReference; lastKnownFileType = sourcecode.swift; path = AppDelegate.swift; sourceTree = "<group>"; };
		2588DDD01B536C0300DD1CDE /* ViewController.swift */ = {isa = PBXFileReference; lastKnownFileType = sourcecode.swift; path = ViewController.swift; sourceTree = "<group>"; };
		2588DDD31B536C0300DD1CDE /* Base */ = {isa = PBXFileReference; lastKnownFileType = file.storyboard; name = Base; path = Base.lproj/Main.storyboard; sourceTree = "<group>"; };
		2588DDD51B536C0300DD1CDE /* Images.xcassets */ = {isa = PBXFileReference; lastKnownFileType = folder.assetcatalog; path = Images.xcassets; sourceTree = "<group>"; };
		2588DDD81B536C0300DD1CDE /* Base */ = {isa = PBXFileReference; lastKnownFileType = file.xib; name = Base; path = Base.lproj/LaunchScreen.xib; sourceTree = "<group>"; };
		2588DDDE1B536C0400DD1CDE /* ProfileVCTests.xctest */ = {isa = PBXFileReference; explicitFileType = wrapper.cfbundle; includeInIndex = 0; path = ProfileVCTests.xctest; sourceTree = BUILT_PRODUCTS_DIR; };
		2588DDE31B536C0400DD1CDE /* Info.plist */ = {isa = PBXFileReference; lastKnownFileType = text.plist.xml; path = Info.plist; sourceTree = "<group>"; };
		2588DDE41B536C0400DD1CDE /* ProfileVCTests.swift */ = {isa = PBXFileReference; lastKnownFileType = sourcecode.swift; path = ProfileVCTests.swift; sourceTree = "<group>"; };
		2588DDEE1B53817900DD1CDE /* View.xib */ = {isa = PBXFileReference; fileEncoding = 4; lastKnownFileType = file.xib; path = View.xib; sourceTree = "<group>"; };
		2588DDF01B5381E400DD1CDE /* MyView.swift */ = {isa = PBXFileReference; fileEncoding = 4; lastKnownFileType = sourcecode.swift; path = MyView.swift; sourceTree = "<group>"; };
		2588DDF21B53833800DD1CDE /* IBM_Bluemix_logo.svg.png */ = {isa = PBXFileReference; lastKnownFileType = image.png; path = IBM_Bluemix_logo.svg.png; sourceTree = "<group>"; };
/* End PBXFileReference section */

/* Begin PBXFrameworksBuildPhase section */
		2588DDC61B536C0300DD1CDE /* Frameworks */ = {
			isa = PBXFrameworksBuildPhase;
			buildActionMask = 2147483647;
			files = (
			);
			runOnlyForDeploymentPostprocessing = 0;
		};
		2588DDDB1B536C0400DD1CDE /* Frameworks */ = {
			isa = PBXFrameworksBuildPhase;
			buildActionMask = 2147483647;
			files = (
			);
			runOnlyForDeploymentPostprocessing = 0;
		};
/* End PBXFrameworksBuildPhase section */

/* Begin PBXGroup section */
		2588DDC01B536C0300DD1CDE = {
			isa = PBXGroup;
			children = (
				2588DDCB1B536C0300DD1CDE /* ProfileVC */,
				2588DDE11B536C0400DD1CDE /* ProfileVCTests */,
				2588DDCA1B536C0300DD1CDE /* Products */,
			);
			sourceTree = "<group>";
		};
		2588DDCA1B536C0300DD1CDE /* Products */ = {
			isa = PBXGroup;
			children = (
				2588DDC91B536C0300DD1CDE /* ProfileVC.app */,
				2588DDDE1B536C0400DD1CDE /* ProfileVCTests.xctest */,
			);
			name = Products;
			sourceTree = "<group>";
		};
		2588DDCB1B536C0300DD1CDE /* ProfileVC */ = {
			isa = PBXGroup;
			children = (
				2588DDCE1B536C0300DD1CDE /* AppDelegate.swift */,
				2588DDD01B536C0300DD1CDE /* ViewController.swift */,
				2588DDEE1B53817900DD1CDE /* View.xib */,
				2588DDF01B5381E400DD1CDE /* MyView.swift */,
				2588DDD21B536C0300DD1CDE /* Main.storyboard */,
				2588DDF21B53833800DD1CDE /* IBM_Bluemix_logo.svg.png */,
				2588DDD51B536C0300DD1CDE /* Images.xcassets */,
				2588DDD71B536C0300DD1CDE /* LaunchScreen.xib */,
				2588DDCC1B536C0300DD1CDE /* Supporting Files */,
			);
			path = ProfileVC;
			sourceTree = "<group>";
		};
		2588DDCC1B536C0300DD1CDE /* Supporting Files */ = {
			isa = PBXGroup;
			children = (
				2588DDCD1B536C0300DD1CDE /* Info.plist */,
			);
			name = "Supporting Files";
			sourceTree = "<group>";
		};
		2588DDE11B536C0400DD1CDE /* ProfileVCTests */ = {
			isa = PBXGroup;
			children = (
				2588DDE41B536C0400DD1CDE /* ProfileVCTests.swift */,
				2588DDE21B536C0400DD1CDE /* Supporting Files */,
			);
			path = ProfileVCTests;
			sourceTree = "<group>";
		};
		2588DDE21B536C0400DD1CDE /* Supporting Files */ = {
			isa = PBXGroup;
			children = (
				2588DDE31B536C0400DD1CDE /* Info.plist */,
			);
			name = "Supporting Files";
			sourceTree = "<group>";
		};
/* End PBXGroup section */

/* Begin PBXNativeTarget section */
		2588DDC81B536C0300DD1CDE /* ProfileVC */ = {
			isa = PBXNativeTarget;
			buildConfigurationList = 2588DDE81B536C0400DD1CDE /* Build configuration list for PBXNativeTarget "ProfileVC" */;
			buildPhases = (
				2588DDC51B536C0300DD1CDE /* Sources */,
				2588DDC61B536C0300DD1CDE /* Frameworks */,
				2588DDC71B536C0300DD1CDE /* Resources */,
			);
			buildRules = (
			);
			dependencies = (
			);
			name = ProfileVC;
			productName = ProfileVC;
			productReference = 2588DDC91B536C0300DD1CDE /* ProfileVC.app */;
			productType = "com.apple.product-type.application";
		};
		2588DDDD1B536C0400DD1CDE /* ProfileVCTests */ = {
			isa = PBXNativeTarget;
			buildConfigurationList = 2588DDEB1B536C0400DD1CDE /* Build configuration list for PBXNativeTarget "ProfileVCTests" */;
			buildPhases = (
				2588DDDA1B536C0400DD1CDE /* Sources */,
				2588DDDB1B536C0400DD1CDE /* Frameworks */,
				2588DDDC1B536C0400DD1CDE /* Resources */,
			);
			buildRules = (
			);
			dependencies = (
				2588DDE01B536C0400DD1CDE /* PBXTargetDependency */,
			);
			name = ProfileVCTests;
			productName = ProfileVCTests;
			productReference = 2588DDDE1B536C0400DD1CDE /* ProfileVCTests.xctest */;
			productType = "com.apple.product-type.bundle.unit-test";
		};
/* End PBXNativeTarget section */

/* Begin PBXProject section */
		2588DDC11B536C0300DD1CDE /* Project object */ = {
			isa = PBXProject;
			attributes = {
				LastUpgradeCheck = 0640;
				ORGANIZATIONNAME = randy;
				TargetAttributes = {
					2588DDC81B536C0300DD1CDE = {
						CreatedOnToolsVersion = 6.4;
					};
					2588DDDD1B536C0400DD1CDE = {
						CreatedOnToolsVersion = 6.4;
						TestTargetID = 2588DDC81B536C0300DD1CDE;
					};
				};
			};
			buildConfigurationList = 2588DDC41B536C0300DD1CDE /* Build configuration list for PBXProject "ProfileVC" */;
			compatibilityVersion = "Xcode 3.2";
			developmentRegion = English;
			hasScannedForEncodings = 0;
			knownRegions = (
				en,
				Base,
			);
			mainGroup = 2588DDC01B536C0300DD1CDE;
			productRefGroup = 2588DDCA1B536C0300DD1CDE /* Products */;
			projectDirPath = "";
			projectRoot = "";
			targets = (
				2588DDC81B536C0300DD1CDE /* ProfileVC */,
				2588DDDD1B536C0400DD1CDE /* ProfileVCTests */,
			);
		};
/* End PBXProject section */

/* Begin PBXResourcesBuildPhase section */
		2588DDC71B536C0300DD1CDE /* Resources */ = {
			isa = PBXResourcesBuildPhase;
			buildActionMask = 2147483647;
			files = (
				2588DDEF1B53817900DD1CDE /* View.xib in Resources */,
				2588DDF31B53833800DD1CDE /* IBM_Bluemix_logo.svg.png in Resources */,
				2588DDD41B536C0300DD1CDE /* Main.storyboard in Resources */,
				2588DDD91B536C0300DD1CDE /* LaunchScreen.xib in Resources */,
				2588DDD61B536C0300DD1CDE /* Images.xcassets in Resources */,
			);
			runOnlyForDeploymentPostprocessing = 0;
		};
		2588DDDC1B536C0400DD1CDE /* Resources */ = {
			isa = PBXResourcesBuildPhase;
			buildActionMask = 2147483647;
			files = (
			);
			runOnlyForDeploymentPostprocessing = 0;
		};
/* End PBXResourcesBuildPhase section */

/* Begin PBXSourcesBuildPhase section */
		2588DDC51B536C0300DD1CDE /* Sources */ = {
			isa = PBXSourcesBuildPhase;
			buildActionMask = 2147483647;
			files = (
				2588DDF11B5381E400DD1CDE /* MyView.swift in Sources */,
				2588DDD11B536C0300DD1CDE /* ViewController.swift in Sources */,
				2588DDCF1B536C0300DD1CDE /* AppDelegate.swift in Sources */,
			);
			runOnlyForDeploymentPostprocessing = 0;
		};
		2588DDDA1B536C0400DD1CDE /* Sources */ = {
			isa = PBXSourcesBuildPhase;
			buildActionMask = 2147483647;
			files = (
				2588DDE51B536C0400DD1CDE /* ProfileVCTests.swift in Sources */,
			);
			runOnlyForDeploymentPostprocessing = 0;
		};
/* End PBXSourcesBuildPhase section */

/* Begin PBXTargetDependency section */
		2588DDE01B536C0400DD1CDE /* PBXTargetDependency */ = {
			isa = PBXTargetDependency;
			target = 2588DDC81B536C0300DD1CDE /* ProfileVC */;
			targetProxy = 2588DDDF1B536C0400DD1CDE /* PBXContainerItemProxy */;
		};
/* End PBXTargetDependency section */

/* Begin PBXVariantGroup section */
		2588DDD21B536C0300DD1CDE /* Main.storyboard */ = {
			isa = PBXVariantGroup;
			children = (
				2588DDD31B536C0300DD1CDE /* Base */,
			);
			name = Main.storyboard;
			sourceTree = "<group>";
		};
		2588DDD71B536C0300DD1CDE /* LaunchScreen.xib */ = {
			isa = PBXVariantGroup;
			children = (
				2588DDD81B536C0300DD1CDE /* Base */,
			);
			name = LaunchScreen.xib;
			sourceTree = "<group>";
		};
/* End PBXVariantGroup section */

/* Begin XCBuildConfiguration section */
		2588DDE61B536C0400DD1CDE /* Debug */ = {
			isa = XCBuildConfiguration;
			buildSettings = {
				ALWAYS_SEARCH_USER_PATHS = NO;
				CLANG_CXX_LANGUAGE_STANDARD = "gnu++0x";
				CLANG_CXX_LIBRARY = "libc++";
				CLANG_ENABLE_MODULES = YES;
				CLANG_ENABLE_OBJC_ARC = YES;
				CLANG_WARN_BOOL_CONVERSION = YES;
				CLANG_WARN_CONSTANT_CONVERSION = YES;
				CLANG_WARN_DIRECT_OBJC_ISA_USAGE = YES_ERROR;
				CLANG_WARN_EMPTY_BODY = YES;
				CLANG_WARN_ENUM_CONVERSION = YES;
				CLANG_WARN_INT_CONVERSION = YES;
				CLANG_WARN_OBJC_ROOT_CLASS = YES_ERROR;
				CLANG_WARN_UNREACHABLE_CODE = YES;
				CLANG_WARN__DUPLICATE_METHOD_MATCH = YES;
				"CODE_SIGN_IDENTITY[sdk=iphoneos*]" = "iPhone Developer";
				COPY_PHASE_STRIP = NO;
				DEBUG_INFORMATION_FORMAT = "dwarf-with-dsym";
				ENABLE_STRICT_OBJC_MSGSEND = YES;
				GCC_C_LANGUAGE_STANDARD = gnu99;
				GCC_DYNAMIC_NO_PIC = NO;
				GCC_NO_COMMON_BLOCKS = YES;
				GCC_OPTIMIZATION_LEVEL = 0;
				GCC_PREPROCESSOR_DEFINITIONS = (
					"DEBUG=1",
					"$(inherited)",
				);
				GCC_SYMBOLS_PRIVATE_EXTERN = NO;
				GCC_WARN_64_TO_32_BIT_CONVERSION = YES;
				GCC_WARN_ABOUT_RETURN_TYPE = YES_ERROR;
				GCC_WARN_UNDECLARED_SELECTOR = YES;
				GCC_WARN_UNINITIALIZED_AUTOS = YES_AGGRESSIVE;
				GCC_WARN_UNUSED_FUNCTION = YES;
				GCC_WARN_UNUSED_VARIABLE = YES;
				IPHONEOS_DEPLOYMENT_TARGET = 8.4;
				MTL_ENABLE_DEBUG_INFO = YES;
				ONLY_ACTIVE_ARCH = YES;
				SDKROOT = iphoneos;
				SWIFT_OPTIMIZATION_LEVEL = "-Onone";
			};
			name = Debug;
		};
		2588DDE71B536C0400DD1CDE /* Release */ = {
			isa = XCBuildConfiguration;
			buildSettings = {
				ALWAYS_SEARCH_USER_PATHS = NO;
				CLANG_CXX_LANGUAGE_STANDARD = "gnu++0x";
				CLANG_CXX_LIBRARY = "libc++";
				CLANG_ENABLE_MODULES = YES;
				CLANG_ENABLE_OBJC_ARC = YES;
				CLANG_WARN_BOOL_CONVERSION = YES;
				CLANG_WARN_CONSTANT_CONVERSION = YES;
				CLANG_WARN_DIRECT_OBJC_ISA_USAGE = YES_ERROR;
				CLANG_WARN_EMPTY_BODY = YES;
				CLANG_WARN_ENUM_CONVERSION = YES;
				CLANG_WARN_INT_CONVERSION = YES;
				CLANG_WARN_OBJC_ROOT_CLASS = YES_ERROR;
				CLANG_WARN_UNREACHABLE_CODE = YES;
				CLANG_WARN__DUPLICATE_METHOD_MATCH = YES;
				"CODE_SIGN_IDENTITY[sdk=iphoneos*]" = "iPhone Developer";
				COPY_PHASE_STRIP = NO;
				DEBUG_INFORMATION_FORMAT = "dwarf-with-dsym";
				ENABLE_NS_ASSERTIONS = NO;
				ENABLE_STRICT_OBJC_MSGSEND = YES;
				GCC_C_LANGUAGE_STANDARD = gnu99;
				GCC_NO_COMMON_BLOCKS = YES;
				GCC_WARN_64_TO_32_BIT_CONVERSION = YES;
				GCC_WARN_ABOUT_RETURN_TYPE = YES_ERROR;
				GCC_WARN_UNDECLARED_SELECTOR = YES;
				GCC_WARN_UNINITIALIZED_AUTOS = YES_AGGRESSIVE;
				GCC_WARN_UNUSED_FUNCTION = YES;
				GCC_WARN_UNUSED_VARIABLE = YES;
				IPHONEOS_DEPLOYMENT_TARGET = 8.4;
				MTL_ENABLE_DEBUG_INFO = NO;
				SDKROOT = iphoneos;
				VALIDATE_PRODUCT = YES;
			};
			name = Release;
		};
		2588DDE91B536C0400DD1CDE /* Debug */ = {
			isa = XCBuildConfiguration;
			buildSettings = {
				ASSETCATALOG_COMPILER_APPICON_NAME = AppIcon;
				INFOPLIST_FILE = ProfileVC/Info.plist;
				LD_RUNPATH_SEARCH_PATHS = "$(inherited) @executable_path/Frameworks";
				PRODUCT_NAME = "$(TARGET_NAME)";
			};
			name = Debug;
		};
		2588DDEA1B536C0400DD1CDE /* Release */ = {
			isa = XCBuildConfiguration;
			buildSettings = {
				ASSETCATALOG_COMPILER_APPICON_NAME = AppIcon;
				INFOPLIST_FILE = ProfileVC/Info.plist;
				LD_RUNPATH_SEARCH_PATHS = "$(inherited) @executable_path/Frameworks";
				PRODUCT_NAME = "$(TARGET_NAME)";
			};
			name = Release;
		};
		2588DDEC1B536C0400DD1CDE /* Debug */ = {
			isa = XCBuildConfiguration;
			buildSettings = {
				BUNDLE_LOADER = "$(TEST_HOST)";
				FRAMEWORK_SEARCH_PATHS = (
					"$(SDKROOT)/Developer/Library/Frameworks",
					"$(inherited)",
				);
				GCC_PREPROCESSOR_DEFINITIONS = (
					"DEBUG=1",
					"$(inherited)",
				);
				INFOPLIST_FILE = ProfileVCTests/Info.plist;
				LD_RUNPATH_SEARCH_PATHS = "$(inherited) @executable_path/Frameworks @loader_path/Frameworks";
				PRODUCT_NAME = "$(TARGET_NAME)";
				TEST_HOST = "$(BUILT_PRODUCTS_DIR)/ProfileVC.app/ProfileVC";
			};
			name = Debug;
		};
		2588DDED1B536C0400DD1CDE /* Release */ = {
			isa = XCBuildConfiguration;
			buildSettings = {
				BUNDLE_LOADER = "$(TEST_HOST)";
				FRAMEWORK_SEARCH_PATHS = (
					"$(SDKROOT)/Developer/Library/Frameworks",
					"$(inherited)",
				);
				INFOPLIST_FILE = ProfileVCTests/Info.plist;
				LD_RUNPATH_SEARCH_PATHS = "$(inherited) @executable_path/Frameworks @loader_path/Frameworks";
				PRODUCT_NAME = "$(TARGET_NAME)";
				TEST_HOST = "$(BUILT_PRODUCTS_DIR)/ProfileVC.app/ProfileVC";
			};
			name = Release;
		};
/* End XCBuildConfiguration section */

/* Begin XCConfigurationList section */
		2588DDC41B536C0300DD1CDE /* Build configuration list for PBXProject "ProfileVC" */ = {
			isa = XCConfigurationList;
			buildConfigurations = (
				2588DDE61B536C0400DD1CDE /* Debug */,
				2588DDE71B536C0400DD1CDE /* Release */,
			);
			defaultConfigurationIsVisible = 0;
			defaultConfigurationName = Release;
		};
		2588DDE81B536C0400DD1CDE /* Build configuration list for PBXNativeTarget "ProfileVC" */ = {
			isa = XCConfigurationList;
			buildConfigurations = (
				2588DDE91B536C0400DD1CDE /* Debug */,
				2588DDEA1B536C0400DD1CDE /* Release */,
			);
			defaultConfigurationIsVisible = 0;
		};
		2588DDEB1B536C0400DD1CDE /* Build configuration list for PBXNativeTarget "ProfileVCTests" */ = {
			isa = XCConfigurationList;
			buildConfigurations = (
				2588DDEC1B536C0400DD1CDE /* Debug */,
				2588DDED1B536C0400DD1CDE /* Release */,
			);
			defaultConfigurationIsVisible = 0;
		};
/* End XCConfigurationList section */
	};
	rootObject = 2588DDC11B536C0300DD1CDE /* Project object */;
}
